
Microsoft Visual Studio Solution File, Format Version 12.00
# Visual Studio Version 17
VisualStudioVersion = 17.1.32421.90
MinimumVisualStudioVersion = 10.0.40219.1
Project("{FAE04EC0-301F-11D3-BF4B-00C04F79EFBC}") = "WPF_miniwebshopDG", "WPF_miniwebshopDG\WPF_miniwebshopDG.csproj", "{3BE807B1-BBB1-46A9-8671-C8928CE7F255}"
EndProject
Global
	GlobalSection(SolutionConfigurationPlatforms) = preSolution
		Debug|Any CPU = Debug|Any CPU
		Release|Any CPU = Release|Any CPU
	EndGlobalSection
	GlobalSection(ProjectConfigurationPlatforms) = postSolution
		{3BE807B1-BBB1-46A9-8671-C8928CE7F255}.Debug|Any CPU.ActiveCfg = Debug|Any CPU
		{3BE807B1-BBB1-46A9-8671-C8928CE7F255}.Debug|Any CPU.Build.0 = Debug|Any CPU
		{3BE807B1-BBB1-46A9-8671-C8928CE7F255}.Release|Any CPU.ActiveCfg = Release|Any CPU
		{3BE807B1-BBB1-46A9-8671-C8928CE7F255}.Release|Any CPU.Build.0 = Release|Any CPU
	EndGlobalSection
	GlobalSection(SolutionProperties) = preSolution
		HideSolutionNode = FALSE
	EndGlobalSection
	GlobalSection(ExtensibilityGlobals) = postSolution
		SolutionGuid = {A750ACF1-E411-485F-B2A8-AC01FF4E1669}
	EndGlobalSection
EndGlobal
